[[package]]
name = "example2"
version = "0.1.0"
dependencies = [
 "futures 0.1.18 (registry+https://github.com/rust-lang/crates.io-index)",
 "futures-timer 0.1.1 (registry+https://github.com/rust-lang/crates.io-index)",
]

[[package]]
name = "futures"
version = "0.1.18"
source = "registry+https://github.com/rust-lang/crates.io-index"

[[package]]
name = "futures-timer"
version = "0.1.1"
source = "registry+https://github.com/rust-lang/crates.io-index"
dependencies = [
 "futures 0.1.18 (registry+https://github.com/rust-lang/crates.io-index)",
]

[metadata]
"checksum futures 0.1.18 (registry+https://github.com/rust-lang/crates.io-index)" = "0bab5b5e94f5c31fc764ba5dd9ad16568aae5d4825538c01d6bca680c9bf94a7"
"checksum futures-timer 0.1.1 (registry+https://github.com/rust-lang/crates.io-index)" = "a5cedfe9b6dc756220782cc1ba5bcb1fa091cdcba155e40d3556159c3db58043"
