[[package]]
name = "bencher"
version = "0.1.5"
source = "registry+https://github.com/rust-lang/crates.io-index"

[[package]]
name = "example2"
version = "0.1.0"
dependencies = [
 "bencher 0.1.5 (registry+https://github.com/rust-lang/crates.io-index)",
]

[metadata]
"checksum bencher 0.1.5 (registry+https://github.com/rust-lang/crates.io-index)" = "7dfdb4953a096c551ce9ace855a604d702e6e62d77fac690575ae347571717f5"
